// !$*UTF8*$!
{
	archiveVersion = 1;
	classes = {
	};
	objectVersion = 46;
	objects = {

/* Begin PBXBuildFile section */
		026B91841F32473D0061D342 /* training_data.csv in Resources */ = {isa = PBXBuildFile; fileRef = 026B91831F32473D0061D342 /* training_data.csv */; };
		026B91861F3247B20061D342 /* training_data.csv in Copy Files (1 item) */ = {isa = PBXBuildFile; fileRef = 026B91831F32473D0061D342 /* training_data.csv */; };
		0285653F1F22792A00F39498 /* main.swift in Sources */ = {isa = PBXBuildFile; fileRef = 0285653E1F22792A00F39498 /* main.swift */; };
		028565461F2279F700F39498 /* ImageVector.swift in Sources */ = {isa = PBXBuildFile; fileRef = 028565451F2279F700F39498 /* ImageVector.swift */; };
		0285654D1F294DC800F39498 /* NNUtility.swift in Sources */ = {isa = PBXBuildFile; fileRef = 0285654C1F294DC800F39498 /* NNUtility.swift */; };
/* End PBXBuildFile section */

/* Begin PBXCopyFilesBuildPhase section */
		026B91851F3247A40061D342 /* Copy Files (1 item) */ = {
			isa = PBXCopyFilesBuildPhase;
			buildActionMask = 2147483647;
			dstPath = "";
			dstSubfolderSpec = 7;
			files = (
				026B91861F3247B20061D342 /* training_data.csv in Copy Files (1 item) */,
			);
			name = "Copy Files (1 item)";
			runOnlyForDeploymentPostprocessing = 0;
		};
		028565391F22792900F39498 /* CopyFiles */ = {
			isa = PBXCopyFilesBuildPhase;
			buildActionMask = 2147483647;
			dstPath = /usr/share/man/man1/;
			dstSubfolderSpec = 0;
			files = (
			);
			runOnlyForDeploymentPostprocessing = 1;
		};
/* End PBXCopyFilesBuildPhase section */

/* Begin PBXFileReference section */
		026B91831F32473D0061D342 /* training_data.csv */ = {isa = PBXFileReference; fileEncoding = 4; lastKnownFileType = text; path = training_data.csv; sourceTree = "<group>"; };
		0285653B1F22792A00F39498 /* ChoppHandwritingRecognizer */ = {isa = PBXFileReference; explicitFileType = "compiled.mach-o.executable"; includeInIndex = 0; path = ChoppHandwritingRecognizer; sourceTree = BUILT_PRODUCTS_DIR; };
		0285653E1F22792A00F39498 /* main.swift */ = {isa = PBXFileReference; lastKnownFileType = sourcecode.swift; path = main.swift; sourceTree = "<group>"; };
		028565451F2279F700F39498 /* ImageVector.swift */ = {isa = PBXFileReference; fileEncoding = 4; lastKnownFileType = sourcecode.swift; path = ImageVector.swift; sourceTree = "<group>"; };
		0285654C1F294DC800F39498 /* NNUtility.swift */ = {isa = PBXFileReference; fileEncoding = 4; lastKnownFileType = sourcecode.swift; path = NNUtility.swift; sourceTree = "<group>"; };
/* End PBXFileReference section */

/* Begin PBXFrameworksBuildPhase section */
		028565381F22792900F39498 /* Frameworks */ = {
			isa = PBXFrameworksBuildPhase;
			buildActionMask = 2147483647;
			files = (
			);
			runOnlyForDeploymentPostprocessing = 0;
		};
/* End PBXFrameworksBuildPhase section */

/* Begin PBXGroup section */
		028565321F22792900F39498 = {
			isa = PBXGroup;
			children = (
				0285653D1F22792A00F39498 /* ChoppHandwritingRecognizer */,
				0285653C1F22792A00F39498 /* Products */,
			);
			sourceTree = "<group>";
		};
		0285653C1F22792A00F39498 /* Products */ = {
			isa = PBXGroup;
			children = (
				0285653B1F22792A00F39498 /* ChoppHandwritingRecognizer */,
			);
			name = Products;
			sourceTree = "<group>";
		};
		0285653D1F22792A00F39498 /* ChoppHandwritingRecognizer */ = {
			isa = PBXGroup;
			children = (
				026B91831F32473D0061D342 /* training_data.csv */,
				0285653E1F22792A00F39498 /* main.swift */,
				0285654C1F294DC800F39498 /* NNUtility.swift */,
				028565451F2279F700F39498 /* ImageVector.swift */,
			);
			path = ChoppHandwritingRecognizer;
			sourceTree = "<group>";
		};
/* End PBXGroup section */

/* Begin PBXNativeTarget section */
		0285653A1F22792900F39498 /* ChoppHandwritingRecognizer */ = {
			isa = PBXNativeTarget;
			buildConfigurationList = 028565421F22792A00F39498 /* Build configuration list for PBXNativeTarget "ChoppHandwritingRecognizer" */;
			buildPhases = (
				028565371F22792900F39498 /* Sources */,
				0285654F1F29500400F39498 /* Resources */,
				028565381F22792900F39498 /* Frameworks */,
				028565391F22792900F39498 /* CopyFiles */,
				026B91851F3247A40061D342 /* Copy Files (1 item) */,
			);
			buildRules = (
			);
			dependencies = (
			);
			name = ChoppHandwritingRecognizer;
			productName = ChoppHandwritingRecognizer;
			productReference = 0285653B1F22792A00F39498 /* ChoppHandwritingRecognizer */;
			productType = "com.apple.product-type.tool";
		};
/* End PBXNativeTarget section */

/* Begin PBXProject section */
		028565331F22792900F39498 /* Project object */ = {
			isa = PBXProject;
			attributes = {
				LastSwiftUpdateCheck = 0830;
				LastUpgradeCheck = 0830;
				ORGANIZATIONNAME = "Kendel Chopp";
				TargetAttributes = {
					0285653A1F22792900F39498 = {
						CreatedOnToolsVersion = 8.3.3;
						DevelopmentTeam = N8GFC63WGF;
						ProvisioningStyle = Automatic;
					};
				};
			};
			buildConfigurationList = 028565361F22792900F39498 /* Build configuration list for PBXProject "ChoppHandwritingRecognizer" */;
			compatibilityVersion = "Xcode 3.2";
			developmentRegion = English;
			hasScannedForEncodings = 0;
			knownRegions = (
				en,
			);
			mainGroup = 028565321F22792900F39498;
			productRefGroup = 0285653C1F22792A00F39498 /* Products */;
			projectDirPath = "";
			projectRoot = "";
			targets = (
				0285653A1F22792900F39498 /* ChoppHandwritingRecognizer */,
			);
		};
/* End PBXProject section */

/* Begin PBXResourcesBuildPhase section */
		0285654F1F29500400F39498 /* Resources */ = {
			isa = PBXResourcesBuildPhase;
			buildActionMask = 2147483647;
			files = (
				026B91841F32473D0061D342 /* training_data.csv in Resources */,
			);
			runOnlyForDeploymentPostprocessing = 0;
		};
/* End PBXResourcesBuildPhase section */

/* Begin PBXSourcesBuildPhase section */
		028565371F22792900F39498 /* Sources */ = {
			isa = PBXSourcesBuildPhase;
			buildActionMask = 2147483647;
			files = (
				028565461F2279F700F39498 /* ImageVector.swift in Sources */,
				0285654D1F294DC800F39498 /* NNUtility.swift in Sources */,
				0285653F1F22792A00F39498 /* main.swift in Sources */,
			);
			runOnlyForDeploymentPostprocessing = 0;
		};
/* End PBXSourcesBuildPhase section */

/* Begin XCBuildConfiguration section */
		028565401F22792A00F39498 /* Debug */ = {
			isa = XCBuildConfiguration;
			buildSettings = {
				ALWAYS_SEARCH_USER_PATHS = NO;
				CLANG_ANALYZER_NONNULL = YES;
				CLANG_ANALYZER_NUMBER_OBJECT_CONVERSION = YES_AGGRESSIVE;
				CLANG_CXX_LANGUAGE_STANDARD = "gnu++0x";
				CLANG_CXX_LIBRARY = "libc++";
				CLANG_ENABLE_MODULES = YES;
				CLANG_ENABLE_OBJC_ARC = YES;
				CLANG_WARN_BOOL_CONVERSION = YES;
				CLANG_WARN_CONSTANT_CONVERSION = YES;
				CLANG_WARN_DIRECT_OBJC_ISA_USAGE = YES_ERROR;
				CLANG_WARN_DOCUMENTATION_COMMENTS = YES;
				CLANG_WARN_EMPTY_BODY = YES;
				CLANG_WARN_ENUM_CONVERSION = YES;
				CLANG_WARN_INFINITE_RECURSION = YES;
				CLANG_WARN_INT_CONVERSION = YES;
				CLANG_WARN_OBJC_ROOT_CLASS = YES_ERROR;
				CLANG_WARN_SUSPICIOUS_MOVE = YES;
				CLANG_WARN_UNREACHABLE_CODE = YES;
				CLANG_WARN__DUPLICATE_METHOD_MATCH = YES;
				CODE_SIGN_IDENTITY = "-";
				COPY_PHASE_STRIP = NO;
				DEBUG_INFORMATION_FORMAT = dwarf;
				ENABLE_STRICT_OBJC_MSGSEND = YES;
				ENABLE_TESTABILITY = YES;
				GCC_C_LANGUAGE_STANDARD = gnu99;
				GCC_DYNAMIC_NO_PIC = NO;
				GCC_NO_COMMON_BLOCKS = YES;
				GCC_OPTIMIZATION_LEVEL = 0;
				GCC_PREPROCESSOR_DEFINITIONS = (
					"DEBUG=1",
					"$(inherited)",
				);
				GCC_WARN_64_TO_32_BIT_CONVERSION = YES;
				GCC_WARN_ABOUT_RETURN_TYPE = YES_ERROR;
				GCC_WARN_UNDECLARED_SELECTOR = YES;
				GCC_WARN_UNINITIALIZED_AUTOS = YES_AGGRESSIVE;
				GCC_WARN_UNUSED_FUNCTION = YES;
				GCC_WARN_UNUSED_VARIABLE = YES;
				MACOSX_DEPLOYMENT_TARGET = 10.12;
				MTL_ENABLE_DEBUG_INFO = YES;
				ONLY_ACTIVE_ARCH = YES;
				SDKROOT = macosx;
				SWIFT_OPTIMIZATION_LEVEL = "-Onone";
			};
			name = Debug;
		};
		028565411F22792A00F39498 /* Release */ = {
			isa = XCBuildConfiguration;
			buildSettings = {
				ALWAYS_SEARCH_USER_PATHS = NO;
				CLANG_ANALYZER_NONNULL = YES;
				CLANG_ANALYZER_NUMBER_OBJECT_CONVERSION = YES_AGGRESSIVE;
				CLANG_CXX_LANGUAGE_STANDARD = "gnu++0x";
				CLANG_CXX_LIBRARY = "libc++";
				CLANG_ENABLE_MODULES = YES;
				CLANG_ENABLE_OBJC_ARC = YES;
				CLANG_WARN_BOOL_CONVERSION = YES;
				CLANG_WARN_CONSTANT_CONVERSION = YES;
				CLANG_WARN_DIRECT_OBJC_ISA_USAGE = YES_ERROR;
				CLANG_WARN_DOCUMENTATION_COMMENTS = YES;
				CLANG_WARN_EMPTY_BODY = YES;
				CLANG_WARN_ENUM_CONVERSION = YES;
				CLANG_WARN_INFINITE_RECURSION = YES;
				CLANG_WARN_INT_CONVERSION = YES;
				CLANG_WARN_OBJC_ROOT_CLASS = YES_ERROR;
				CLANG_WARN_SUSPICIOUS_MOVE = YES;
				CLANG_WARN_UNREACHABLE_CODE = YES;
				CLANG_WARN__DUPLICATE_METHOD_MATCH = YES;
				CODE_SIGN_IDENTITY = "-";
				COPY_PHASE_STRIP = NO;
				DEBUG_INFORMATION_FORMAT = "dwarf-with-dsym";
				ENABLE_NS_ASSERTIONS = NO;
				ENABLE_STRICT_OBJC_MSGSEND = YES;
				GCC_C_LANGUAGE_STANDARD = gnu99;
				GCC_NO_COMMON_BLOCKS = YES;
				GCC_WARN_64_TO_32_BIT_CONVERSION = YES;
				GCC_WARN_ABOUT_RETURN_TYPE = YES_ERROR;
				GCC_WARN_UNDECLARED_SELECTOR = YES;
				GCC_WARN_UNINITIALIZED_AUTOS = YES_AGGRESSIVE;
				GCC_WARN_UNUSED_FUNCTION = YES;
				GCC_WARN_UNUSED_VARIABLE = YES;
				MACOSX_DEPLOYMENT_TARGET = 10.12;
				MTL_ENABLE_DEBUG_INFO = NO;
				SDKROOT = macosx;
			};
			name = Release;
		};
		028565431F22792A00F39498 /* Debug */ = {
			isa = XCBuildConfiguration;
			buildSettings = {
				DEVELOPMENT_TEAM = N8GFC63WGF;
				PRODUCT_NAME = "$(TARGET_NAME)";
				SWIFT_VERSION = 3.0;
			};
			name = Debug;
		};
		028565441F22792A00F39498 /* Release */ = {
			isa = XCBuildConfiguration;
			buildSettings = {
				DEVELOPMENT_TEAM = N8GFC63WGF;
				PRODUCT_NAME = "$(TARGET_NAME)";
				SWIFT_VERSION = 3.0;
			};
			name = Release;
		};
/* End XCBuildConfiguration section */

/* Begin XCConfigurationList section */
		028565361F22792900F39498 /* Build configuration list for PBXProject "ChoppHandwritingRecognizer" */ = {
			isa = XCConfigurationList;
			buildConfigurations = (
				028565401F22792A00F39498 /* Debug */,
				028565411F22792A00F39498 /* Release */,
			);
			defaultConfigurationIsVisible = 0;
			defaultConfigurationName = Release;
		};
		028565421F22792A00F39498 /* Build configuration list for PBXNativeTarget "ChoppHandwritingRecognizer" */ = {
			isa = XCConfigurationList;
			buildConfigurations = (
				028565431F22792A00F39498 /* Debug */,
				028565441F22792A00F39498 /* Release */,
			);
			defaultConfigurationIsVisible = 0;
			defaultConfigurationName = Release;
		};
/* End XCConfigurationList section */
	};
	rootObject = 028565331F22792900F39498 /* Project object */;
}
